<?xml version="1.0" encoding="UTF-8"?>
<Project ToolsVersion="12.0" xmlns="http://schemas.microsoft.com/developer/msbuild/2003">
  <ItemGroup>
    <ClCompile Include="H:\MidiHackDay\Examples\oscpack\oscpack-read-only\tests\OscSendTests.cpp">
      <Filter>Source Files</Filter>
    </ClCompile>
  </ItemGroup>
  <ItemGroup>
    <CustomBuild Include="H:\MidiHackDay\Examples\oscpack\oscpack-read-only\CMakeLists.txt" />
  </ItemGroup>
  <ItemGroup>
    <Filter Include="Source Files">
      <UniqueIdentifier>{050F5E6D-8283-4319-A3C0-F20FE2464354}</UniqueIdentifier>
    </Filter>
  </ItemGroup>
</Project>
