Microsoft Visual Studio Solution File, Format Version 12.00
# Visual Studio Express 2013 for Windows Desktop
Project("{8BC9CEB8-8B4A-11D0-8D11-00A0C91BC942}") = "ALL_BUILD", "ALL_BUILD.vcxproj", "{2966ED86-18A7-4450-B0EA-977CE10D49D1}"
	ProjectSection(ProjectDependencies) = postProject
		{9374C4B7-5DEF-4CA7-9F01-9837DF6AF310} = {9374C4B7-5DEF-4CA7-9F01-9837DF6AF310}
		{C440DE5A-44E9-4039-9F4F-CE34E02E87B4} = {C440DE5A-44E9-4039-9F4F-CE34E02E87B4}
		{651111E2-91CC-4920-BFF6-3C998A6E2264} = {651111E2-91CC-4920-BFF6-3C998A6E2264}
		{44543DCC-D1EE-402A-939E-EDAD61DF1655} = {44543DCC-D1EE-402A-939E-EDAD61DF1655}
		{43D4E3F7-2C55-4FE5-BD22-071E21B1F3E2} = {43D4E3F7-2C55-4FE5-BD22-071E21B1F3E2}
		{B4C4B331-2A19-4B0D-93FD-A9B661E71524} = {B4C4B331-2A19-4B0D-93FD-A9B661E71524}
		{D3E37523-6F94-42AE-AF52-F8937E3343A4} = {D3E37523-6F94-42AE-AF52-F8937E3343A4}
		{24E4948A-5D14-4F79-98DE-C9A4FDD7D423} = {24E4948A-5D14-4F79-98DE-C9A4FDD7D423}
	EndProjectSection
EndProject
Project("{8BC9CEB8-8B4A-11D0-8D11-00A0C91BC942}") = "OscDump", "OscDump.vcxproj", "{9374C4B7-5DEF-4CA7-9F01-9837DF6AF310}"
	ProjectSection(ProjectDependencies) = postProject
		{D3E37523-6F94-42AE-AF52-F8937E3343A4} = {D3E37523-6F94-42AE-AF52-F8937E3343A4}
		{24E4948A-5D14-4F79-98DE-C9A4FDD7D423} = {24E4948A-5D14-4F79-98DE-C9A4FDD7D423}
	EndProjectSection
EndProject
Project("{8BC9CEB8-8B4A-11D0-8D11-00A0C91BC942}") = "OscReceiveTest", "OscReceiveTest.vcxproj", "{C440DE5A-44E9-4039-9F4F-CE34E02E87B4}"
	ProjectSection(ProjectDependencies) = postProject
		{D3E37523-6F94-42AE-AF52-F8937E3343A4} = {D3E37523-6F94-42AE-AF52-F8937E3343A4}
		{24E4948A-5D14-4F79-98DE-C9A4FDD7D423} = {24E4948A-5D14-4F79-98DE-C9A4FDD7D423}
	EndProjectSection
EndProject
Project("{8BC9CEB8-8B4A-11D0-8D11-00A0C91BC942}") = "OscSendTests", "OscSendTests.vcxproj", "{651111E2-91CC-4920-BFF6-3C998A6E2264}"
	ProjectSection(ProjectDependencies) = postProject
		{D3E37523-6F94-42AE-AF52-F8937E3343A4} = {D3E37523-6F94-42AE-AF52-F8937E3343A4}
		{24E4948A-5D14-4F79-98DE-C9A4FDD7D423} = {24E4948A-5D14-4F79-98DE-C9A4FDD7D423}
	EndProjectSection
EndProject
Project("{8BC9CEB8-8B4A-11D0-8D11-00A0C91BC942}") = "OscUnitTests", "OscUnitTests.vcxproj", "{44543DCC-D1EE-402A-939E-EDAD61DF1655}"
	ProjectSection(ProjectDependencies) = postProject
		{D3E37523-6F94-42AE-AF52-F8937E3343A4} = {D3E37523-6F94-42AE-AF52-F8937E3343A4}
		{24E4948A-5D14-4F79-98DE-C9A4FDD7D423} = {24E4948A-5D14-4F79-98DE-C9A4FDD7D423}
	EndProjectSection
EndProject
Project("{8BC9CEB8-8B4A-11D0-8D11-00A0C91BC942}") = "SimpleReceive", "SimpleReceive.vcxproj", "{43D4E3F7-2C55-4FE5-BD22-071E21B1F3E2}"
	ProjectSection(ProjectDependencies) = postProject
		{D3E37523-6F94-42AE-AF52-F8937E3343A4} = {D3E37523-6F94-42AE-AF52-F8937E3343A4}
		{24E4948A-5D14-4F79-98DE-C9A4FDD7D423} = {24E4948A-5D14-4F79-98DE-C9A4FDD7D423}
	EndProjectSection
EndProject
Project("{8BC9CEB8-8B4A-11D0-8D11-00A0C91BC942}") = "SimpleSend", "SimpleSend.vcxproj", "{B4C4B331-2A19-4B0D-93FD-A9B661E71524}"
	ProjectSection(ProjectDependencies) = postProject
		{D3E37523-6F94-42AE-AF52-F8937E3343A4} = {D3E37523-6F94-42AE-AF52-F8937E3343A4}
		{24E4948A-5D14-4F79-98DE-C9A4FDD7D423} = {24E4948A-5D14-4F79-98DE-C9A4FDD7D423}
	EndProjectSection
EndProject
Project("{8BC9CEB8-8B4A-11D0-8D11-00A0C91BC942}") = "ZERO_CHECK", "ZERO_CHECK.vcxproj", "{D3E37523-6F94-42AE-AF52-F8937E3343A4}"
	ProjectSection(ProjectDependencies) = postProject
	EndProjectSection
EndProject
Project("{8BC9CEB8-8B4A-11D0-8D11-00A0C91BC942}") = "oscpack", "oscpack.vcxproj", "{24E4948A-5D14-4F79-98DE-C9A4FDD7D423}"
	ProjectSection(ProjectDependencies) = postProject
		{D3E37523-6F94-42AE-AF52-F8937E3343A4} = {D3E37523-6F94-42AE-AF52-F8937E3343A4}
	EndProjectSection
EndProject
Global
	GlobalSection(SolutionConfigurationPlatforms) = preSolution
		Debug|Win32 = Debug|Win32
		Release|Win32 = Release|Win32
		MinSizeRel|Win32 = MinSizeRel|Win32
		RelWithDebInfo|Win32 = RelWithDebInfo|Win32
	EndGlobalSection
	GlobalSection(ProjectConfigurationPlatforms) = postSolution
		{2966ED86-18A7-4450-B0EA-977CE10D49D1}.Debug|Win32.ActiveCfg = Debug|Win32
		{2966ED86-18A7-4450-B0EA-977CE10D49D1}.Release|Win32.ActiveCfg = Release|Win32
		{2966ED86-18A7-4450-B0EA-977CE10D49D1}.MinSizeRel|Win32.ActiveCfg = MinSizeRel|Win32
		{2966ED86-18A7-4450-B0EA-977CE10D49D1}.RelWithDebInfo|Win32.ActiveCfg = RelWithDebInfo|Win32
		{9374C4B7-5DEF-4CA7-9F01-9837DF6AF310}.Debug|Win32.ActiveCfg = Debug|Win32
		{9374C4B7-5DEF-4CA7-9F01-9837DF6AF310}.Debug|Win32.Build.0 = Debug|Win32
		{9374C4B7-5DEF-4CA7-9F01-9837DF6AF310}.Release|Win32.ActiveCfg = Release|Win32
		{9374C4B7-5DEF-4CA7-9F01-9837DF6AF310}.Release|Win32.Build.0 = Release|Win32
		{9374C4B7-5DEF-4CA7-9F01-9837DF6AF310}.MinSizeRel|Win32.ActiveCfg = MinSizeRel|Win32
		{9374C4B7-5DEF-4CA7-9F01-9837DF6AF310}.MinSizeRel|Win32.Build.0 = MinSizeRel|Win32
		{9374C4B7-5DEF-4CA7-9F01-9837DF6AF310}.RelWithDebInfo|Win32.ActiveCfg = RelWithDebInfo|Win32
		{9374C4B7-5DEF-4CA7-9F01-9837DF6AF310}.RelWithDebInfo|Win32.Build.0 = RelWithDebInfo|Win32
		{C440DE5A-44E9-4039-9F4F-CE34E02E87B4}.Debug|Win32.ActiveCfg = Debug|Win32
		{C440DE5A-44E9-4039-9F4F-CE34E02E87B4}.Debug|Win32.Build.0 = Debug|Win32
		{C440DE5A-44E9-4039-9F4F-CE34E02E87B4}.Release|Win32.ActiveCfg = Release|Win32
		{C440DE5A-44E9-4039-9F4F-CE34E02E87B4}.Release|Win32.Build.0 = Release|Win32
		{C440DE5A-44E9-4039-9F4F-CE34E02E87B4}.MinSizeRel|Win32.ActiveCfg = MinSizeRel|Win32
		{C440DE5A-44E9-4039-9F4F-CE34E02E87B4}.MinSizeRel|Win32.Build.0 = MinSizeRel|Win32
		{C440DE5A-44E9-4039-9F4F-CE34E02E87B4}.RelWithDebInfo|Win32.ActiveCfg = RelWithDebInfo|Win32
		{C440DE5A-44E9-4039-9F4F-CE34E02E87B4}.RelWithDebInfo|Win32.Build.0 = RelWithDebInfo|Win32
		{651111E2-91CC-4920-BFF6-3C998A6E2264}.Debug|Win32.ActiveCfg = Debug|Win32
		{651111E2-91CC-4920-BFF6-3C998A6E2264}.Debug|Win32.Build.0 = Debug|Win32
		{651111E2-91CC-4920-BFF6-3C998A6E2264}.Release|Win32.ActiveCfg = Release|Win32
		{651111E2-91CC-4920-BFF6-3C998A6E2264}.Release|Win32.Build.0 = Release|Win32
		{651111E2-91CC-4920-BFF6-3C998A6E2264}.MinSizeRel|Win32.ActiveCfg = MinSizeRel|Win32
		{651111E2-91CC-4920-BFF6-3C998A6E2264}.MinSizeRel|Win32.Build.0 = MinSizeRel|Win32
		{651111E2-91CC-4920-BFF6-3C998A6E2264}.RelWithDebInfo|Win32.ActiveCfg = RelWithDebInfo|Win32
		{651111E2-91CC-4920-BFF6-3C998A6E2264}.RelWithDebInfo|Win32.Build.0 = RelWithDebInfo|Win32
		{44543DCC-D1EE-402A-939E-EDAD61DF1655}.Debug|Win32.ActiveCfg = Debug|Win32
		{44543DCC-D1EE-402A-939E-EDAD61DF1655}.Debug|Win32.Build.0 = Debug|Win32
		{44543DCC-D1EE-402A-939E-EDAD61DF1655}.Release|Win32.ActiveCfg = Release|Win32
		{44543DCC-D1EE-402A-939E-EDAD61DF1655}.Release|Win32.Build.0 = Release|Win32
		{44543DCC-D1EE-402A-939E-EDAD61DF1655}.MinSizeRel|Win32.ActiveCfg = MinSizeRel|Win32
		{44543DCC-D1EE-402A-939E-EDAD61DF1655}.MinSizeRel|Win32.Build.0 = MinSizeRel|Win32
		{44543DCC-D1EE-402A-939E-EDAD61DF1655}.RelWithDebInfo|Win32.ActiveCfg = RelWithDebInfo|Win32
		{44543DCC-D1EE-402A-939E-EDAD61DF1655}.RelWithDebInfo|Win32.Build.0 = RelWithDebInfo|Win32
		{43D4E3F7-2C55-4FE5-BD22-071E21B1F3E2}.Debug|Win32.ActiveCfg = Debug|Win32
		{43D4E3F7-2C55-4FE5-BD22-071E21B1F3E2}.Debug|Win32.Build.0 = Debug|Win32
		{43D4E3F7-2C55-4FE5-BD22-071E21B1F3E2}.Release|Win32.ActiveCfg = Release|Win32
		{43D4E3F7-2C55-4FE5-BD22-071E21B1F3E2}.Release|Win32.Build.0 = Release|Win32
		{43D4E3F7-2C55-4FE5-BD22-071E21B1F3E2}.MinSizeRel|Win32.ActiveCfg = MinSizeRel|Win32
		{43D4E3F7-2C55-4FE5-BD22-071E21B1F3E2}.MinSizeRel|Win32.Build.0 = MinSizeRel|Win32
		{43D4E3F7-2C55-4FE5-BD22-071E21B1F3E2}.RelWithDebInfo|Win32.ActiveCfg = RelWithDebInfo|Win32
		{43D4E3F7-2C55-4FE5-BD22-071E21B1F3E2}.RelWithDebInfo|Win32.Build.0 = RelWithDebInfo|Win32
		{B4C4B331-2A19-4B0D-93FD-A9B661E71524}.Debug|Win32.ActiveCfg = Debug|Win32
		{B4C4B331-2A19-4B0D-93FD-A9B661E71524}.Debug|Win32.Build.0 = Debug|Win32
		{B4C4B331-2A19-4B0D-93FD-A9B661E71524}.Release|Win32.ActiveCfg = Release|Win32
		{B4C4B331-2A19-4B0D-93FD-A9B661E71524}.Release|Win32.Build.0 = Release|Win32
		{B4C4B331-2A19-4B0D-93FD-A9B661E71524}.MinSizeRel|Win32.ActiveCfg = MinSizeRel|Win32
		{B4C4B331-2A19-4B0D-93FD-A9B661E71524}.MinSizeRel|Win32.Build.0 = MinSizeRel|Win32
		{B4C4B331-2A19-4B0D-93FD-A9B661E71524}.RelWithDebInfo|Win32.ActiveCfg = RelWithDebInfo|Win32
		{B4C4B331-2A19-4B0D-93FD-A9B661E71524}.RelWithDebInfo|Win32.Build.0 = RelWithDebInfo|Win32
		{D3E37523-6F94-42AE-AF52-F8937E3343A4}.Debug|Win32.ActiveCfg = Debug|Win32
		{D3E37523-6F94-42AE-AF52-F8937E3343A4}.Debug|Win32.Build.0 = Debug|Win32
		{D3E37523-6F94-42AE-AF52-F8937E3343A4}.Release|Win32.ActiveCfg = Release|Win32
		{D3E37523-6F94-42AE-AF52-F8937E3343A4}.Release|Win32.Build.0 = Release|Win32
		{D3E37523-6F94-42AE-AF52-F8937E3343A4}.MinSizeRel|Win32.ActiveCfg = MinSizeRel|Win32
		{D3E37523-6F94-42AE-AF52-F8937E3343A4}.MinSizeRel|Win32.Build.0 = MinSizeRel|Win32
		{D3E37523-6F94-42AE-AF52-F8937E3343A4}.RelWithDebInfo|Win32.ActiveCfg = RelWithDebInfo|Win32
		{D3E37523-6F94-42AE-AF52-F8937E3343A4}.RelWithDebInfo|Win32.Build.0 = RelWithDebInfo|Win32
		{24E4948A-5D14-4F79-98DE-C9A4FDD7D423}.Debug|Win32.ActiveCfg = Debug|Win32
		{24E4948A-5D14-4F79-98DE-C9A4FDD7D423}.Debug|Win32.Build.0 = Debug|Win32
		{24E4948A-5D14-4F79-98DE-C9A4FDD7D423}.Release|Win32.ActiveCfg = Release|Win32
		{24E4948A-5D14-4F79-98DE-C9A4FDD7D423}.Release|Win32.Build.0 = Release|Win32
		{24E4948A-5D14-4F79-98DE-C9A4FDD7D423}.MinSizeRel|Win32.ActiveCfg = MinSizeRel|Win32
		{24E4948A-5D14-4F79-98DE-C9A4FDD7D423}.MinSizeRel|Win32.Build.0 = MinSizeRel|Win32
		{24E4948A-5D14-4F79-98DE-C9A4FDD7D423}.RelWithDebInfo|Win32.ActiveCfg = RelWithDebInfo|Win32
		{24E4948A-5D14-4F79-98DE-C9A4FDD7D423}.RelWithDebInfo|Win32.Build.0 = RelWithDebInfo|Win32
	EndGlobalSection
	GlobalSection(ExtensibilityGlobals) = postSolution
	EndGlobalSection
	GlobalSection(ExtensibilityAddIns) = postSolution
	EndGlobalSection
EndGlobal
